Microsoft Visual Studio Solution File, Format Version 12.00
# Visual Studio Version 17
VisualStudioVersion = 17.5.2.0
MinimumVisualStudioVersion = 10.0.40219.1
Project("{FAE04EC0-301F-11D3-BF4B-00C04F79EFBC}") = "site_backend", "site_backend\site_backend.csproj", "{B0A1204F-DC16-D920-B987-F6E004116CEB}"
EndProject
Global
	GlobalSection(SolutionConfigurationPlatforms) = preSolution
		Debug|Any CPU = Debug|Any CPU
		Release|Any CPU = Release|Any CPU
	EndGlobalSection
	GlobalSection(ProjectConfigurationPlatforms) = postSolution
		{B0A1204F-DC16-D920-B987-F6E004116CEB}.Debug|Any CPU.ActiveCfg = Debug|Any CPU
		{B0A1204F-DC16-D920-B987-F6E004116CEB}.Debug|Any CPU.Build.0 = Debug|Any CPU
		{B0A1204F-DC16-D920-B987-F6E004116CEB}.Release|Any CPU.ActiveCfg = Release|Any CPU
		{B0A1204F-DC16-D920-B987-F6E004116CEB}.Release|Any CPU.Build.0 = Release|Any CPU
	EndGlobalSection
	GlobalSection(SolutionProperties) = preSolution
		HideSolutionNode = FALSE
	EndGlobalSection
	GlobalSection(ExtensibilityGlobals) = postSolution
		SolutionGuid = {D41FA1A9-839C-45A3-AE20-DA581780CC8B}
	EndGlobalSection
EndGlobal
